# THIS IS AN AUTOGENERATED FILE. DO NOT EDIT THIS FILE DIRECTLY.
# yarn lockfile v1


"@types/googlemaps@^3.38.1":
  version "3.38.1"
  resolved "https://registry.yarnpkg.com/@types/googlemaps/-/googlemaps-3.38.1.tgz#34f0be176f899bab5563103d7103fa7c3a72c02c"
  integrity sha512-6rVIwaJOKXAMzg+Cz22+fJkgQd8IMK8q9DBSL3Wg9GAffGCy71MdTEf+8T9bIa4mvC0DClEsyzwrOfuf9rM0Zg==
